// !$*UTF8*$!
{
	archiveVersion = 1;
	classes = {
	};
	objectVersion = 55;
	objects = {

/* Begin PBXBuildFile section */
		133FE66566343704568214F5 /* CrashAutomationManager.swift in Sources */ = {isa = PBXBuildFile; fileRef = 1810C7575003FB161490F4AD /* CrashAutomationManager.swift */; };
		2ADBB4B467C58776592A2DD5 /* ContentView.swift in Sources */ = {isa = PBXBuildFile; fileRef = 57D66916C0DF16F25B5584A3 /* ContentView.swift */; };
		2EA0294440E9DA417C111488 /* CrashGeneratorsObjC.mm in Sources */ = {isa = PBXBuildFile; fileRef = B82FC1BBDB65527C321BDD8F /* CrashGeneratorsObjC.mm */; };
		390D9E408E729544493FF49B /* Filters in Frameworks */ = {isa = PBXBuildFile; productRef = 4D2EBE635F79937EF8A82F76 /* Filters */; };
		4497757AFD2F989FE8BA3483 /* CallChain.swift in Sources */ = {isa = PBXBuildFile; fileRef = 4783B308BD1DDA3AC891A094 /* CallChain.swift */; };
		4640EA14D1130EE1D996C3B8 /* ExitCodeClubCIAutomationAppUITests.swift in Sources */ = {isa = PBXBuildFile; fileRef = D3B7D85E3B16F3A5BCAFEC10 /* ExitCodeClubCIAutomationAppUITests.swift */; };
		4C13D8E01B5EE2F2136634D6 /* Installations in Frameworks */ = {isa = PBXBuildFile; productRef = 32CF79F42A1EE96389AEFD83 /* Installations */; };
		87DE331234F75716AB2BB272 /* CrashServiceSink.swift in Sources */ = {isa = PBXBuildFile; fileRef = B7D4CBA8BAA9250A87403287 /* CrashServiceSink.swift */; };
		BA6E751A3396E3ED9BDAEDC7 /* CrashGeneratorsObjC.framework in Frameworks */ = {isa = PBXBuildFile; fileRef = CD33F63F23C4F1D6C6D4ADBC /* CrashGeneratorsObjC.framework */; };
		BB623137A865BF8A574B6D44 /* FlamegraphHang.swift in Sources */ = {isa = PBXBuildFile; fileRef = A2EE4B15F7BD948733F1538B /* FlamegraphHang.swift */; };
		BB7B3F1BAD77DDEB6136DC9B /* Recording in Frameworks */ = {isa = PBXBuildFile; productRef = C418CB6B53B94B76C24E3A86 /* Recording */; };
		C8FBC564A96234EF4F42250D /* ExitCodeClubCIAutomationAppTests.swift in Sources */ = {isa = PBXBuildFile; fileRef = C3CF603E41F2CAE0EF0BBB2A /* ExitCodeClubCIAutomationAppTests.swift */; };
		DFED8478946219F07D66BB0C /* ExitCodeClubCIAutomationApp.swift in Sources */ = {isa = PBXBuildFile; fileRef = CFA892D3EF1F1F0BEF4E906D /* ExitCodeClubCIAutomationApp.swift */; };
		FBAFC13F9C5A2262A32AF0F8 /* DemangleFilter in Frameworks */ = {isa = PBXBuildFile; productRef = 25F871B51C07BA0975748449 /* DemangleFilter */; };
		FE3C5DA378E998E2D41CD83E /* CrashGeneratorsObjC.h in Headers */ = {isa = PBXBuildFile; fileRef = F41288B63607F795D4065865 /* CrashGeneratorsObjC.h */; settings = {ATTRIBUTES = (Public, ); }; };
/* End PBXBuildFile section */

/* Begin PBXContainerItemProxy section */
		2786B97DCE2CDD5FA07A66DD /* PBXContainerItemProxy */ = {
			isa = PBXContainerItemProxy;
			containerPortal = 1CB0F0C594CFE0D2A06201A9 /* Project object */;
			proxyType = 1;
			remoteGlobalIDString = 40DD6630252737085D1CCCD2;
			remoteInfo = ExitCodeClubCIAutomationApp;
		};
		39B13D82CBBAF560C45F98AC /* PBXContainerItemProxy */ = {
			isa = PBXContainerItemProxy;
			containerPortal = 1CB0F0C594CFE0D2A06201A9 /* Project object */;
			proxyType = 1;
			remoteGlobalIDString = 69F2BC1D6D71044D05B53B7C;
			remoteInfo = CrashGeneratorsObjC;
		};
		A6F8D65EFC0F6550FDE4662E /* PBXContainerItemProxy */ = {
			isa = PBXContainerItemProxy;
			containerPortal = 1CB0F0C594CFE0D2A06201A9 /* Project object */;
			proxyType = 1;
			remoteGlobalIDString = 40DD6630252737085D1CCCD2;
			remoteInfo = ExitCodeClubCIAutomationApp;
		};
/* End PBXContainerItemProxy section */

/* Begin PBXCopyFilesBuildPhase section */
		0A5B9D33AA42079D154FC93C /* Embed Frameworks */ = {
			isa = PBXCopyFilesBuildPhase;
			buildActionMask = 2147483647;
			dstPath = "";
			dstSubfolderSpec = 10;
			files = (
			);
			name = "Embed Frameworks";
			runOnlyForDeploymentPostprocessing = 0;
		};
		82369DA1CE3701C026663F60 /* Embed Frameworks */ = {
			isa = PBXCopyFilesBuildPhase;
			buildActionMask = 2147483647;
			dstPath = "";
			dstSubfolderSpec = 10;
			files = (
			);
			name = "Embed Frameworks";
			runOnlyForDeploymentPostprocessing = 0;
		};
		A78FC3C7BD0BF1825976E31C /* Embed Frameworks */ = {
			isa = PBXCopyFilesBuildPhase;
			buildActionMask = 2147483647;
			dstPath = "";
			dstSubfolderSpec = 10;
			files = (
			);
			name = "Embed Frameworks";
			runOnlyForDeploymentPostprocessing = 0;
		};
		E2F3C5FB80852C8734F7838D /* Embed Frameworks */ = {
			isa = PBXCopyFilesBuildPhase;
			buildActionMask = 2147483647;
			dstPath = "";
			dstSubfolderSpec = 10;
			files = (
			);
			name = "Embed Frameworks";
			runOnlyForDeploymentPostprocessing = 0;
		};
/* End PBXCopyFilesBuildPhase section */

/* Begin PBXFileReference section */
		02E9775F5C810A5A3EFA05A2 /* ExitCodeClubCIAutomationApp-Info.plist */ = {isa = PBXFileReference; lastKnownFileType = text.plist; path = "ExitCodeClubCIAutomationApp-Info.plist"; sourceTree = "<group>"; };
		1810C7575003FB161490F4AD /* CrashAutomationManager.swift */ = {isa = PBXFileReference; lastKnownFileType = sourcecode.swift; path = CrashAutomationManager.swift; sourceTree = "<group>"; };
		196ACBD69FC2DE182B116416 /* ExitCodeClubCIAutomationApp.app */ = {isa = PBXFileReference; explicitFileType = wrapper.application; includeInIndex = 0; path = ExitCodeClubCIAutomationApp.app; sourceTree = BUILT_PRODUCTS_DIR; };
		1C7D43FE8E09E31D46CE940C /* CrashGeneratorsObjC-Info.plist */ = {isa = PBXFileReference; lastKnownFileType = text.plist; path = "CrashGeneratorsObjC-Info.plist"; sourceTree = "<group>"; };
		4783B308BD1DDA3AC891A094 /* CallChain.swift */ = {isa = PBXFileReference; lastKnownFileType = sourcecode.swift; path = CallChain.swift; sourceTree = "<group>"; };
		57D66916C0DF16F25B5584A3 /* ContentView.swift */ = {isa = PBXFileReference; lastKnownFileType = sourcecode.swift; path = ContentView.swift; sourceTree = "<group>"; };
		6D5747A895236232FFCAEEC4 /* ExitCodeClubCIAutomationAppTests-Info.plist */ = {isa = PBXFileReference; lastKnownFileType = text.plist; path = "ExitCodeClubCIAutomationAppTests-Info.plist"; sourceTree = "<group>"; };
		8C720DD3E819005AE38F7631 /* ExitCodeClubCIAutomationAppUITests-Info.plist */ = {isa = PBXFileReference; lastKnownFileType = text.plist; path = "ExitCodeClubCIAutomationAppUITests-Info.plist"; sourceTree = "<group>"; };
		A2EE4B15F7BD948733F1538B /* FlamegraphHang.swift */ = {isa = PBXFileReference; lastKnownFileType = sourcecode.swift; path = FlamegraphHang.swift; sourceTree = "<group>"; };
		A6871CC53EC2A5F43A735683 /* ExitCodeClubCIAutomationAppTests.xctest */ = {isa = PBXFileReference; explicitFileType = wrapper.cfbundle; includeInIndex = 0; path = ExitCodeClubCIAutomationAppTests.xctest; sourceTree = BUILT_PRODUCTS_DIR; };
		B7D4CBA8BAA9250A87403287 /* CrashServiceSink.swift */ = {isa = PBXFileReference; lastKnownFileType = sourcecode.swift; path = CrashServiceSink.swift; sourceTree = "<group>"; };
		B82FC1BBDB65527C321BDD8F /* CrashGeneratorsObjC.mm */ = {isa = PBXFileReference; lastKnownFileType = sourcecode.cpp.objcpp; path = CrashGeneratorsObjC.mm; sourceTree = "<group>"; };
		C3CF603E41F2CAE0EF0BBB2A /* ExitCodeClubCIAutomationAppTests.swift */ = {isa = PBXFileReference; lastKnownFileType = sourcecode.swift; path = ExitCodeClubCIAutomationAppTests.swift; sourceTree = "<group>"; };
		CD33F63F23C4F1D6C6D4ADBC /* CrashGeneratorsObjC.framework */ = {isa = PBXFileReference; explicitFileType = wrapper.framework; includeInIndex = 0; path = CrashGeneratorsObjC.framework; sourceTree = BUILT_PRODUCTS_DIR; };
		CFA892D3EF1F1F0BEF4E906D /* ExitCodeClubCIAutomationApp.swift */ = {isa = PBXFileReference; lastKnownFileType = sourcecode.swift; path = ExitCodeClubCIAutomationApp.swift; sourceTree = "<group>"; };
		D385C86F9728E06BFD1F1E60 /* ExitCodeClubCIAutomationAppUITests.xctest */ = {isa = PBXFileReference; explicitFileType = wrapper.cfbundle; includeInIndex = 0; path = ExitCodeClubCIAutomationAppUITests.xctest; sourceTree = BUILT_PRODUCTS_DIR; };
		D3B7D85E3B16F3A5BCAFEC10 /* ExitCodeClubCIAutomationAppUITests.swift */ = {isa = PBXFileReference; lastKnownFileType = sourcecode.swift; path = ExitCodeClubCIAutomationAppUITests.swift; sourceTree = "<group>"; };
		F41288B63607F795D4065865 /* CrashGeneratorsObjC.h */ = {isa = PBXFileReference; lastKnownFileType = sourcecode.c.h; path = CrashGeneratorsObjC.h; sourceTree = "<group>"; };
/* End PBXFileReference section */

/* Begin PBXFrameworksBuildPhase section */
		4B6C88C091770D54C0DFA1C8 /* Frameworks */ = {
			isa = PBXFrameworksBuildPhase;
			buildActionMask = 2147483647;
			files = (
				BA6E751A3396E3ED9BDAEDC7 /* CrashGeneratorsObjC.framework in Frameworks */,
				BB7B3F1BAD77DDEB6136DC9B /* Recording in Frameworks */,
				4C13D8E01B5EE2F2136634D6 /* Installations in Frameworks */,
				390D9E408E729544493FF49B /* Filters in Frameworks */,
				FBAFC13F9C5A2262A32AF0F8 /* DemangleFilter in Frameworks */,
			);
			runOnlyForDeploymentPostprocessing = 0;
		};
		87EAE611430191FF05A1C525 /* Frameworks */ = {
			isa = PBXFrameworksBuildPhase;
			buildActionMask = 2147483647;
			files = (
			);
			runOnlyForDeploymentPostprocessing = 0;
		};
		AC71F577587F6A88D4D22866 /* Frameworks */ = {
			isa = PBXFrameworksBuildPhase;
			buildActionMask = 2147483647;
			files = (
			);
			runOnlyForDeploymentPostprocessing = 0;
		};
		AF553C1F01F5C3A86F8624E1 /* Frameworks */ = {
			isa = PBXFrameworksBuildPhase;
			buildActionMask = 2147483647;
			files = (
			);
			runOnlyForDeploymentPostprocessing = 0;
		};
/* End PBXFrameworksBuildPhase section */

/* Begin PBXGroup section */
		3C543F4892BC13058ECF73D2 /* Products */ = {
			isa = PBXGroup;
			children = (
				CD33F63F23C4F1D6C6D4ADBC /* CrashGeneratorsObjC.framework */,
				196ACBD69FC2DE182B116416 /* ExitCodeClubCIAutomationApp.app */,
				A6871CC53EC2A5F43A735683 /* ExitCodeClubCIAutomationAppTests.xctest */,
				D385C86F9728E06BFD1F1E60 /* ExitCodeClubCIAutomationAppUITests.xctest */,
			);
			name = Products;
			sourceTree = "<group>";
		};
		4A711B2DE5A1801C5C23D117 /* InfoPlists */ = {
			isa = PBXGroup;
			children = (
				1C7D43FE8E09E31D46CE940C /* CrashGeneratorsObjC-Info.plist */,
				02E9775F5C810A5A3EFA05A2 /* ExitCodeClubCIAutomationApp-Info.plist */,
				6D5747A895236232FFCAEEC4 /* ExitCodeClubCIAutomationAppTests-Info.plist */,
				8C720DD3E819005AE38F7631 /* ExitCodeClubCIAutomationAppUITests-Info.plist */,
			);
			path = InfoPlists;
			sourceTree = "<group>";
		};
		5319882990CEEEAB16A044AB /* Sources */ = {
			isa = PBXGroup;
			children = (
				4783B308BD1DDA3AC891A094 /* CallChain.swift */,
				57D66916C0DF16F25B5584A3 /* ContentView.swift */,
				1810C7575003FB161490F4AD /* CrashAutomationManager.swift */,
				B7D4CBA8BAA9250A87403287 /* CrashServiceSink.swift */,
				CFA892D3EF1F1F0BEF4E906D /* ExitCodeClubCIAutomationApp.swift */,
				A2EE4B15F7BD948733F1538B /* FlamegraphHang.swift */,
			);
			path = Sources;
			sourceTree = "<group>";
		};
		5664787AE4B984CF0F36FACB /* Derived */ = {
			isa = PBXGroup;
			children = (
				4A711B2DE5A1801C5C23D117 /* InfoPlists */,
			);
			path = Derived;
			sourceTree = "<group>";
		};
		8FED6A12BF1E66EB0F606FD6 /* ExitCodeClubCIAutomationApp */ = {
			isa = PBXGroup;
			children = (
				5319882990CEEEAB16A044AB /* Sources */,
				BA437CE794C8194D77FC5C79 /* Tests */,
				D8494379D2484CBCA831C45F /* UITests */,
			);
			path = ExitCodeClubCIAutomationApp;
			sourceTree = "<group>";
		};
		A99849458C54EE55C7B692ED /* include */ = {
			isa = PBXGroup;
			children = (
				F41288B63607F795D4065865 /* CrashGeneratorsObjC.h */,
			);
			path = include;
			sourceTree = "<group>";
		};
		BA26CB27883D8A4854F2E2E7 /* CrashGeneratorsObjC */ = {
			isa = PBXGroup;
			children = (
				C9C3D84726EE7E110723F5EC /* Sources */,
			);
			path = CrashGeneratorsObjC;
			sourceTree = "<group>";
		};
		BA437CE794C8194D77FC5C79 /* Tests */ = {
			isa = PBXGroup;
			children = (
				C3CF603E41F2CAE0EF0BBB2A /* ExitCodeClubCIAutomationAppTests.swift */,
			);
			path = Tests;
			sourceTree = "<group>";
		};
		C2650CD15AA79ED29243C1B0 /* Project */ = {
			isa = PBXGroup;
			children = (
				BA26CB27883D8A4854F2E2E7 /* CrashGeneratorsObjC */,
				5664787AE4B984CF0F36FACB /* Derived */,
				8FED6A12BF1E66EB0F606FD6 /* ExitCodeClubCIAutomationApp */,
			);
			name = Project;
			sourceTree = "<group>";
		};
		C9C3D84726EE7E110723F5EC /* Sources */ = {
			isa = PBXGroup;
			children = (
				A99849458C54EE55C7B692ED /* include */,
				B82FC1BBDB65527C321BDD8F /* CrashGeneratorsObjC.mm */,
			);
			path = Sources;
			sourceTree = "<group>";
		};
		D8494379D2484CBCA831C45F /* UITests */ = {
			isa = PBXGroup;
			children = (
				D3B7D85E3B16F3A5BCAFEC10 /* ExitCodeClubCIAutomationAppUITests.swift */,
			);
			path = UITests;
			sourceTree = "<group>";
		};
		E158014E6168A25AC5762E9A = {
			isa = PBXGroup;
			children = (
				3C543F4892BC13058ECF73D2 /* Products */,
				C2650CD15AA79ED29243C1B0 /* Project */,
			);
			sourceTree = "<group>";
		};
/* End PBXGroup section */

/* Begin PBXHeadersBuildPhase section */
		A57BB188F60E4D11B98065D2 /* Headers */ = {
			isa = PBXHeadersBuildPhase;
			buildActionMask = 2147483647;
			files = (
				FE3C5DA378E998E2D41CD83E /* CrashGeneratorsObjC.h in Headers */,
			);
			runOnlyForDeploymentPostprocessing = 0;
		};
/* End PBXHeadersBuildPhase section */

/* Begin PBXNativeTarget section */
		05B0E4854725878EF526A4DB /* ExitCodeClubCIAutomationAppUITests */ = {
			isa = PBXNativeTarget;
			buildConfigurationList = B04689D3FB917C99AD775D54 /* Build configuration list for PBXNativeTarget "ExitCodeClubCIAutomationAppUITests" */;
			buildPhases = (
				15689048048A60A7CE9987DD /* Sources */,
				0DF4CA566B72FF919CED17D6 /* Resources */,
				AC71F577587F6A88D4D22866 /* Frameworks */,
				E2F3C5FB80852C8734F7838D /* Embed Frameworks */,
			);
			buildRules = (
			);
			dependencies = (
				2D65629C99B65F6B9DA61C0D /* PBXTargetDependency */,
			);
			name = ExitCodeClubCIAutomationAppUITests;
			packageProductDependencies = (
			);
			productName = ExitCodeClubCIAutomationAppUITests;
			productReference = D385C86F9728E06BFD1F1E60 /* ExitCodeClubCIAutomationAppUITests.xctest */;
			productType = "com.apple.product-type.bundle.ui-testing";
		};
		40DD6630252737085D1CCCD2 /* ExitCodeClubCIAutomationApp */ = {
			isa = PBXNativeTarget;
			buildConfigurationList = 7DFCC919226813AF76301592 /* Build configuration list for PBXNativeTarget "ExitCodeClubCIAutomationApp" */;
			buildPhases = (
				125928D121ADA4EAF4EFF74D /* Sources */,
				5ED73732E2401CEE4266ECC8 /* Resources */,
				4B6C88C091770D54C0DFA1C8 /* Frameworks */,
				82369DA1CE3701C026663F60 /* Embed Frameworks */,
				4096A534E800D0A53F79B3BD /* Upload dSYMs */,
			);
			buildRules = (
			);
			dependencies = (
				A5B1F15ECCD010D2F7DCD4E7 /* PBXTargetDependency */,
			);
			name = ExitCodeClubCIAutomationApp;
			packageProductDependencies = (
				C418CB6B53B94B76C24E3A86 /* Recording */,
				32CF79F42A1EE96389AEFD83 /* Installations */,
				4D2EBE635F79937EF8A82F76 /* Filters */,
				25F871B51C07BA0975748449 /* DemangleFilter */,
			);
			productName = ExitCodeClubCIAutomationApp;
			productReference = 196ACBD69FC2DE182B116416 /* ExitCodeClubCIAutomationApp.app */;
			productType = "com.apple.product-type.application";
		};
		69F2BC1D6D71044D05B53B7C /* CrashGeneratorsObjC */ = {
			isa = PBXNativeTarget;
			buildConfigurationList = E9377196991F5F85AAFFAA8A /* Build configuration list for PBXNativeTarget "CrashGeneratorsObjC" */;
			buildPhases = (
				A57BB188F60E4D11B98065D2 /* Headers */,
				AB3C36A8D907DFDC36AF7284 /* Sources */,
				280621E630EF1A363DD4865C /* Resources */,
				87EAE611430191FF05A1C525 /* Frameworks */,
				A78FC3C7BD0BF1825976E31C /* Embed Frameworks */,
			);
			buildRules = (
			);
			dependencies = (
			);
			name = CrashGeneratorsObjC;
			packageProductDependencies = (
			);
			productName = CrashGeneratorsObjC;
			productReference = CD33F63F23C4F1D6C6D4ADBC /* CrashGeneratorsObjC.framework */;
			productType = "com.apple.product-type.framework";
		};
		825CA491D296D95F7AEC924D /* ExitCodeClubCIAutomationAppTests */ = {
			isa = PBXNativeTarget;
			buildConfigurationList = CA3D41F9B69D9318E525D4BC /* Build configuration list for PBXNativeTarget "ExitCodeClubCIAutomationAppTests" */;
			buildPhases = (
				930551BCF5FE6826AF7B376F /* Sources */,
				7F72AABB805D5C6F8FE9725B /* Resources */,
				AF553C1F01F5C3A86F8624E1 /* Frameworks */,
				0A5B9D33AA42079D154FC93C /* Embed Frameworks */,
			);
			buildRules = (
			);
			dependencies = (
				F03C3D8BEE5CDD067712B9BB /* PBXTargetDependency */,
			);
			name = ExitCodeClubCIAutomationAppTests;
			packageProductDependencies = (
			);
			productName = ExitCodeClubCIAutomationAppTests;
			productReference = A6871CC53EC2A5F43A735683 /* ExitCodeClubCIAutomationAppTests.xctest */;
			productType = "com.apple.product-type.bundle.unit-test";
		};
/* End PBXNativeTarget section */

/* Begin PBXProject section */
		1CB0F0C594CFE0D2A06201A9 /* Project object */ = {
			isa = PBXProject;
			attributes = {
				BuildIndependentTargetsInParallel = YES;
				TargetAttributes = {
					05B0E4854725878EF526A4DB = {
						TestTargetID = 40DD6630252737085D1CCCD2;
					};
					825CA491D296D95F7AEC924D = {
						TestTargetID = 40DD6630252737085D1CCCD2;
					};
				};
			};
			buildConfigurationList = C35C2D633245F900FEEE12DA /* Build configuration list for PBXProject "ExitCodeClubCIAutomationApp" */;
			compatibilityVersion = "Xcode 14.0";
			developmentRegion = en;
			hasScannedForEncodings = 0;
			knownRegions = (
				Base,
				en,
			);
			mainGroup = E158014E6168A25AC5762E9A;
			packageReferences = (
				5899893DA7FC3291CB4190CA /* XCRemoteSwiftPackageReference "KSCrash" */,
			);
			productRefGroup = 3C543F4892BC13058ECF73D2 /* Products */;
			projectDirPath = "";
			projectRoot = "";
			targets = (
				69F2BC1D6D71044D05B53B7C /* CrashGeneratorsObjC */,
				40DD6630252737085D1CCCD2 /* ExitCodeClubCIAutomationApp */,
				825CA491D296D95F7AEC924D /* ExitCodeClubCIAutomationAppTests */,
				05B0E4854725878EF526A4DB /* ExitCodeClubCIAutomationAppUITests */,
			);
		};
/* End PBXProject section */

/* Begin PBXResourcesBuildPhase section */
		0DF4CA566B72FF919CED17D6 /* Resources */ = {
			isa = PBXResourcesBuildPhase;
			buildActionMask = 2147483647;
			files = (
			);
			runOnlyForDeploymentPostprocessing = 0;
		};
		280621E630EF1A363DD4865C /* Resources */ = {
			isa = PBXResourcesBuildPhase;
			buildActionMask = 2147483647;
			files = (
			);
			runOnlyForDeploymentPostprocessing = 0;
		};
		5ED73732E2401CEE4266ECC8 /* Resources */ = {
			isa = PBXResourcesBuildPhase;
			buildActionMask = 2147483647;
			files = (
			);
			runOnlyForDeploymentPostprocessing = 0;
		};
		7F72AABB805D5C6F8FE9725B /* Resources */ = {
			isa = PBXResourcesBuildPhase;
			buildActionMask = 2147483647;
			files = (
			);
			runOnlyForDeploymentPostprocessing = 0;
		};
/* End PBXResourcesBuildPhase section */

/* Begin PBXShellScriptBuildPhase section */
		4096A534E800D0A53F79B3BD /* Upload dSYMs */ = {
			isa = PBXShellScriptBuildPhase;
			alwaysOutOfDate = 1;
			buildActionMask = 2147483647;
			files = (
			);
			inputFileListPaths = (
			);
			inputPaths = (
			);
			name = "Upload dSYMs";
			outputFileListPaths = (
			);
			outputPaths = (
			);
			runOnlyForDeploymentPostprocessing = 0;
			shellPath = /bin/bash;
			shellScript = "\"${SRCROOT}/scripts/upload-dsyms-ci.sh\"   --backend-url \"https://kscrash-api-765738384004.us-central1.run.app\"   --dsym-folder \"${BUILT_PRODUCTS_DIR}\"";
		};
/* End PBXShellScriptBuildPhase section */

/* Begin PBXSourcesBuildPhase section */
		125928D121ADA4EAF4EFF74D /* Sources */ = {
			isa = PBXSourcesBuildPhase;
			buildActionMask = 2147483647;
			files = (
				4497757AFD2F989FE8BA3483 /* CallChain.swift in Sources */,
				2ADBB4B467C58776592A2DD5 /* ContentView.swift in Sources */,
				133FE66566343704568214F5 /* CrashAutomationManager.swift in Sources */,
				87DE331234F75716AB2BB272 /* CrashServiceSink.swift in Sources */,
				DFED8478946219F07D66BB0C /* ExitCodeClubCIAutomationApp.swift in Sources */,
				BB623137A865BF8A574B6D44 /* FlamegraphHang.swift in Sources */,
			);
			runOnlyForDeploymentPostprocessing = 0;
		};
		15689048048A60A7CE9987DD /* Sources */ = {
			isa = PBXSourcesBuildPhase;
			buildActionMask = 2147483647;
			files = (
				4640EA14D1130EE1D996C3B8 /* ExitCodeClubCIAutomationAppUITests.swift in Sources */,
			);
			runOnlyForDeploymentPostprocessing = 0;
		};
		930551BCF5FE6826AF7B376F /* Sources */ = {
			isa = PBXSourcesBuildPhase;
			buildActionMask = 2147483647;
			files = (
				C8FBC564A96234EF4F42250D /* ExitCodeClubCIAutomationAppTests.swift in Sources */,
			);
			runOnlyForDeploymentPostprocessing = 0;
		};
		AB3C36A8D907DFDC36AF7284 /* Sources */ = {
			isa = PBXSourcesBuildPhase;
			buildActionMask = 2147483647;
			files = (
				2EA0294440E9DA417C111488 /* CrashGeneratorsObjC.mm in Sources */,
			);
			runOnlyForDeploymentPostprocessing = 0;
		};
/* End PBXSourcesBuildPhase section */

/* Begin PBXTargetDependency section */
		2D65629C99B65F6B9DA61C0D /* PBXTargetDependency */ = {
			isa = PBXTargetDependency;
			name = ExitCodeClubCIAutomationApp;
			target = 40DD6630252737085D1CCCD2 /* ExitCodeClubCIAutomationApp */;
			targetProxy = A6F8D65EFC0F6550FDE4662E /* PBXContainerItemProxy */;
		};
		A5B1F15ECCD010D2F7DCD4E7 /* PBXTargetDependency */ = {
			isa = PBXTargetDependency;
			name = CrashGeneratorsObjC;
			target = 69F2BC1D6D71044D05B53B7C /* CrashGeneratorsObjC */;
			targetProxy = 39B13D82CBBAF560C45F98AC /* PBXContainerItemProxy */;
		};
		F03C3D8BEE5CDD067712B9BB /* PBXTargetDependency */ = {
			isa = PBXTargetDependency;
			name = ExitCodeClubCIAutomationApp;
			target = 40DD6630252737085D1CCCD2 /* ExitCodeClubCIAutomationApp */;
			targetProxy = 2786B97DCE2CDD5FA07A66DD /* PBXContainerItemProxy */;
		};
/* End PBXTargetDependency section */

/* Begin XCBuildConfiguration section */
		0FF96A594DC3BE9F7B08C5BA /* Debug */ = {
			isa = XCBuildConfiguration;
			buildSettings = {
				ALWAYS_SEARCH_USER_PATHS = NO;
				ARCHS = arm64;
				CLANG_ANALYZER_LOCALIZABILITY_NONLOCALIZED = YES;
				CLANG_ANALYZER_NONNULL = YES;
				CLANG_ANALYZER_NUMBER_OBJECT_CONVERSION = YES_AGGRESSIVE;
				CLANG_CXX_LANGUAGE_STANDARD = "gnu++14";
				CLANG_CXX_LIBRARY = "libc++";
				CLANG_ENABLE_MODULES = YES;
				CLANG_ENABLE_OBJC_ARC = YES;
				CLANG_ENABLE_OBJC_WEAK = YES;
				CLANG_WARN_BLOCK_CAPTURE_AUTORELEASING = YES;
				CLANG_WARN_BOOL_CONVERSION = YES;
				CLANG_WARN_COMMA = YES;
				CLANG_WARN_CONSTANT_CONVERSION = YES;
				CLANG_WARN_DEPRECATED_OBJC_IMPLEMENTATIONS = YES;
				CLANG_WARN_DIRECT_OBJC_ISA_USAGE = YES_ERROR;
				CLANG_WARN_DOCUMENTATION_COMMENTS = YES;
				CLANG_WARN_EMPTY_BODY = YES;
				CLANG_WARN_ENUM_CONVERSION = YES;
				CLANG_WARN_INFINITE_RECURSION = YES;
				CLANG_WARN_INT_CONVERSION = YES;
				CLANG_WARN_NON_LITERAL_NULL_CONVERSION = YES;
				CLANG_WARN_OBJC_IMPLICIT_RETAIN_SELF = YES;
				CLANG_WARN_OBJC_LITERAL_CONVERSION = YES;
				CLANG_WARN_OBJC_ROOT_CLASS = YES_ERROR;
				CLANG_WARN_QUOTED_INCLUDE_IN_FRAMEWORK_HEADER = YES;
				CLANG_WARN_RANGE_LOOP_ANALYSIS = YES;
				CLANG_WARN_STRICT_PROTOTYPES = YES;
				CLANG_WARN_SUSPICIOUS_MOVE = YES;
				CLANG_WARN_UNGUARDED_AVAILABILITY = YES_AGGRESSIVE;
				CLANG_WARN_UNREACHABLE_CODE = YES;
				CLANG_WARN__DUPLICATE_METHOD_MATCH = YES;
				COPY_PHASE_STRIP = NO;
				DEAD_CODE_STRIPPING = YES;
				DEBUG_INFORMATION_FORMAT = "dwarf-with-dsym";
				ENABLE_STRICT_OBJC_MSGSEND = YES;
				ENABLE_TESTABILITY = YES;
				GCC_C_LANGUAGE_STANDARD = gnu11;
				GCC_DYNAMIC_NO_PIC = NO;
				GCC_NO_COMMON_BLOCKS = YES;
				GCC_OPTIMIZATION_LEVEL = 0;
				GCC_PREPROCESSOR_DEFINITIONS = (
					"DEBUG=1",
					"$(inherited)",
				);
				GCC_WARN_64_TO_32_BIT_CONVERSION = YES;
				GCC_WARN_ABOUT_RETURN_TYPE = YES_ERROR;
				GCC_WARN_UNDECLARED_SELECTOR = YES;
				GCC_WARN_UNINITIALIZED_AUTOS = YES_AGGRESSIVE;
				GCC_WARN_UNUSED_FUNCTION = YES;
				GCC_WARN_UNUSED_VARIABLE = YES;
				IPHONEOS_DEPLOYMENT_TARGET = 17.0;
				MTL_ENABLE_DEBUG_INFO = YES;
				ONLY_ACTIVE_ARCH = YES;
				PRODUCT_NAME = "$(TARGET_NAME)";
				SWIFT_VERSION = 5.10;
			};
			name = Debug;
		};
		20F931D72B2C074237BD27BB /* Release */ = {
			isa = XCBuildConfiguration;
			buildSettings = {
				CLANG_CXX_LANGUAGE_STANDARD = "c++17";
				CODE_SIGN_IDENTITY = "";
				CURRENT_PROJECT_VERSION = 1;
				DEFINES_MODULE = YES;
				DYLIB_COMPATIBILITY_VERSION = 1;
				DYLIB_CURRENT_VERSION = 1;
				DYLIB_INSTALL_NAME_BASE = "@rpath";
				INFOPLIST_FILE = "Derived/InfoPlists/CrashGeneratorsObjC-Info.plist";
				INSTALL_PATH = "$(LOCAL_LIBRARY_DIR)/Frameworks";
				IPHONEOS_DEPLOYMENT_TARGET = 17.0;
				LD_RUNPATH_SEARCH_PATHS = (
					"$(inherited)",
					"@executable_path/Frameworks",
					"@loader_path/Frameworks",
				);
				MACH_O_TYPE = staticlib;
				PRODUCT_BUNDLE_IDENTIFIER = com.exitcodeclub.ci.automation.crashgeneratorsobjc;
				PRODUCT_NAME = CrashGeneratorsObjC;
				SDKROOT = iphoneos;
				SKIP_INSTALL = YES;
				SUPPORTS_MACCATALYST = NO;
				SUPPORTS_MAC_DESIGNED_FOR_IPHONE_IPAD = YES;
				SUPPORTS_XR_DESIGNED_FOR_IPHONE_IPAD = NO;
				SWIFT_COMPILATION_MODE = wholemodule;
				SWIFT_OPTIMIZATION_LEVEL = "-O";
				TARGETED_DEVICE_FAMILY = "1,2";
				VERSIONING_SYSTEM = "apple-generic";
				VERSION_INFO_PREFIX = "";
			};
			name = Release;
		};
		2638404F78614F93E113E68A /* Debug */ = {
			isa = XCBuildConfiguration;
			buildSettings = {
				ASSETCATALOG_COMPILER_APPICON_NAME = AppIcon;
				ASSETCATALOG_COMPILER_GLOBAL_ACCENT_COLOR_NAME = AccentColor;
				CODE_SIGN_IDENTITY = "iPhone Developer";
				ENABLE_PREVIEWS = YES;
				INFOPLIST_FILE = "Derived/InfoPlists/ExitCodeClubCIAutomationApp-Info.plist";
				IPHONEOS_DEPLOYMENT_TARGET = 17.0;
				LD_RUNPATH_SEARCH_PATHS = (
					"$(inherited)",
					"@executable_path/Frameworks",
				);
				PRODUCT_BUNDLE_IDENTIFIER = com.exitcodeclub.ci.automation.app;
				PRODUCT_NAME = ExitCodeClubCIAutomationApp;
				SDKROOT = iphoneos;
				SUPPORTS_MACCATALYST = NO;
				SUPPORTS_MAC_DESIGNED_FOR_IPHONE_IPAD = YES;
				SUPPORTS_XR_DESIGNED_FOR_IPHONE_IPAD = NO;
				SWIFT_ACTIVE_COMPILATION_CONDITIONS = (
					"$(inherited)",
					DEBUG,
				);
				SWIFT_COMPILATION_MODE = singlefile;
				SWIFT_OPTIMIZATION_LEVEL = "-Onone";
				TARGETED_DEVICE_FAMILY = "1,2";
			};
			name = Debug;
		};
		36872826DC093B86A7CD5F18 /* Release */ = {
			isa = XCBuildConfiguration;
			buildSettings = {
				ALWAYS_SEARCH_USER_PATHS = NO;
				ARCHS = arm64;
				CLANG_ANALYZER_LOCALIZABILITY_NONLOCALIZED = YES;
				CLANG_ANALYZER_NONNULL = YES;
				CLANG_ANALYZER_NUMBER_OBJECT_CONVERSION = YES_AGGRESSIVE;
				CLANG_CXX_LANGUAGE_STANDARD = "gnu++14";
				CLANG_CXX_LIBRARY = "libc++";
				CLANG_ENABLE_MODULES = YES;
				CLANG_ENABLE_OBJC_ARC = YES;
				CLANG_ENABLE_OBJC_WEAK = YES;
				CLANG_WARN_BLOCK_CAPTURE_AUTORELEASING = YES;
				CLANG_WARN_BOOL_CONVERSION = YES;
				CLANG_WARN_COMMA = YES;
				CLANG_WARN_CONSTANT_CONVERSION = YES;
				CLANG_WARN_DEPRECATED_OBJC_IMPLEMENTATIONS = YES;
				CLANG_WARN_DIRECT_OBJC_ISA_USAGE = YES_ERROR;
				CLANG_WARN_DOCUMENTATION_COMMENTS = YES;
				CLANG_WARN_EMPTY_BODY = YES;
				CLANG_WARN_ENUM_CONVERSION = YES;
				CLANG_WARN_INFINITE_RECURSION = YES;
				CLANG_WARN_INT_CONVERSION = YES;
				CLANG_WARN_NON_LITERAL_NULL_CONVERSION = YES;
				CLANG_WARN_OBJC_IMPLICIT_RETAIN_SELF = YES;
				CLANG_WARN_OBJC_LITERAL_CONVERSION = YES;
				CLANG_WARN_OBJC_ROOT_CLASS = YES_ERROR;
				CLANG_WARN_QUOTED_INCLUDE_IN_FRAMEWORK_HEADER = YES;
				CLANG_WARN_RANGE_LOOP_ANALYSIS = YES;
				CLANG_WARN_STRICT_PROTOTYPES = YES;
				CLANG_WARN_SUSPICIOUS_MOVE = YES;
				CLANG_WARN_UNGUARDED_AVAILABILITY = YES_AGGRESSIVE;
				CLANG_WARN_UNREACHABLE_CODE = YES;
				CLANG_WARN__DUPLICATE_METHOD_MATCH = YES;
				COPY_PHASE_STRIP = NO;
				DEAD_CODE_STRIPPING = YES;
				DEBUG_INFORMATION_FORMAT = "dwarf-with-dsym";
				ENABLE_NS_ASSERTIONS = NO;
				ENABLE_STRICT_OBJC_MSGSEND = YES;
				GCC_C_LANGUAGE_STANDARD = gnu11;
				GCC_NO_COMMON_BLOCKS = YES;
				GCC_WARN_64_TO_32_BIT_CONVERSION = YES;
				GCC_WARN_ABOUT_RETURN_TYPE = YES_ERROR;
				GCC_WARN_UNDECLARED_SELECTOR = YES;
				GCC_WARN_UNINITIALIZED_AUTOS = YES_AGGRESSIVE;
				GCC_WARN_UNUSED_FUNCTION = YES;
				GCC_WARN_UNUSED_VARIABLE = YES;
				IPHONEOS_DEPLOYMENT_TARGET = 17.0;
				MTL_ENABLE_DEBUG_INFO = NO;
				ONLY_ACTIVE_ARCH = YES;
				PRODUCT_NAME = "$(TARGET_NAME)";
				SWIFT_VERSION = 5.10;
				VALIDATE_PRODUCT = YES;
			};
			name = Release;
		};
		47993BFBF6F276CF63753ABC /* Debug */ = {
			isa = XCBuildConfiguration;
			buildSettings = {
				CLANG_CXX_LANGUAGE_STANDARD = "c++17";
				CODE_SIGN_IDENTITY = "";
				CURRENT_PROJECT_VERSION = 1;
				DEFINES_MODULE = YES;
				DYLIB_COMPATIBILITY_VERSION = 1;
				DYLIB_CURRENT_VERSION = 1;
				DYLIB_INSTALL_NAME_BASE = "@rpath";
				INFOPLIST_FILE = "Derived/InfoPlists/CrashGeneratorsObjC-Info.plist";
				INSTALL_PATH = "$(LOCAL_LIBRARY_DIR)/Frameworks";
				IPHONEOS_DEPLOYMENT_TARGET = 17.0;
				LD_RUNPATH_SEARCH_PATHS = (
					"$(inherited)",
					"@executable_path/Frameworks",
					"@loader_path/Frameworks",
				);
				MACH_O_TYPE = staticlib;
				PRODUCT_BUNDLE_IDENTIFIER = com.exitcodeclub.ci.automation.crashgeneratorsobjc;
				PRODUCT_NAME = CrashGeneratorsObjC;
				SDKROOT = iphoneos;
				SKIP_INSTALL = YES;
				SUPPORTS_MACCATALYST = NO;
				SUPPORTS_MAC_DESIGNED_FOR_IPHONE_IPAD = YES;
				SUPPORTS_XR_DESIGNED_FOR_IPHONE_IPAD = NO;
				SWIFT_ACTIVE_COMPILATION_CONDITIONS = (
					"$(inherited)",
					DEBUG,
				);
				SWIFT_COMPILATION_MODE = singlefile;
				SWIFT_OPTIMIZATION_LEVEL = "-Onone";
				TARGETED_DEVICE_FAMILY = "1,2";
				VERSIONING_SYSTEM = "apple-generic";
				VERSION_INFO_PREFIX = "";
			};
			name = Debug;
		};
		7D2C3D69AD825794A0045300 /* Release */ = {
			isa = XCBuildConfiguration;
			buildSettings = {
				CODE_SIGN_IDENTITY = "iPhone Developer";
				INFOPLIST_FILE = "Derived/InfoPlists/ExitCodeClubCIAutomationAppUITests-Info.plist";
				IPHONEOS_DEPLOYMENT_TARGET = 17.0;
				LD_RUNPATH_SEARCH_PATHS = (
					"$(inherited)",
					"@executable_path/Frameworks",
					"@loader_path/Frameworks",
				);
				PRODUCT_BUNDLE_IDENTIFIER = com.exitcodeclub.ci.automation.app.uitests;
				PRODUCT_NAME = ExitCodeClubCIAutomationAppUITests;
				SDKROOT = iphoneos;
				SUPPORTS_MACCATALYST = NO;
				SUPPORTS_MAC_DESIGNED_FOR_IPHONE_IPAD = YES;
				SUPPORTS_XR_DESIGNED_FOR_IPHONE_IPAD = NO;
				SWIFT_COMPILATION_MODE = wholemodule;
				SWIFT_OPTIMIZATION_LEVEL = "-O";
				TARGETED_DEVICE_FAMILY = "1,2";
				TEST_TARGET_NAME = ExitCodeClubCIAutomationApp;
			};
			name = Release;
		};
		9B4FC6EE8678049F03F6B903 /* Release */ = {
			isa = XCBuildConfiguration;
			buildSettings = {
				ASSETCATALOG_COMPILER_APPICON_NAME = AppIcon;
				ASSETCATALOG_COMPILER_GLOBAL_ACCENT_COLOR_NAME = AccentColor;
				CODE_SIGN_IDENTITY = "iPhone Developer";
				ENABLE_PREVIEWS = YES;
				INFOPLIST_FILE = "Derived/InfoPlists/ExitCodeClubCIAutomationApp-Info.plist";
				IPHONEOS_DEPLOYMENT_TARGET = 17.0;
				LD_RUNPATH_SEARCH_PATHS = (
					"$(inherited)",
					"@executable_path/Frameworks",
				);
				PRODUCT_BUNDLE_IDENTIFIER = com.exitcodeclub.ci.automation.app;
				PRODUCT_NAME = ExitCodeClubCIAutomationApp;
				SDKROOT = iphoneos;
				SUPPORTS_MACCATALYST = NO;
				SUPPORTS_MAC_DESIGNED_FOR_IPHONE_IPAD = YES;
				SUPPORTS_XR_DESIGNED_FOR_IPHONE_IPAD = NO;
				SWIFT_COMPILATION_MODE = wholemodule;
				SWIFT_OPTIMIZATION_LEVEL = "-O";
				TARGETED_DEVICE_FAMILY = "1,2";
			};
			name = Release;
		};
		B1516CB7AE7045F90422992D /* Release */ = {
			isa = XCBuildConfiguration;
			buildSettings = {
				BUNDLE_LOADER = "$(TEST_HOST)";
				CODE_SIGN_IDENTITY = "iPhone Developer";
				INFOPLIST_FILE = "Derived/InfoPlists/ExitCodeClubCIAutomationAppTests-Info.plist";
				IPHONEOS_DEPLOYMENT_TARGET = 17.0;
				LD_RUNPATH_SEARCH_PATHS = (
					"$(inherited)",
					"@executable_path/Frameworks",
					"@loader_path/Frameworks",
				);
				PRODUCT_BUNDLE_IDENTIFIER = com.exitcodeclub.ci.automation.app.tests;
				PRODUCT_NAME = ExitCodeClubCIAutomationAppTests;
				SDKROOT = iphoneos;
				SUPPORTS_MACCATALYST = NO;
				SUPPORTS_MAC_DESIGNED_FOR_IPHONE_IPAD = YES;
				SUPPORTS_XR_DESIGNED_FOR_IPHONE_IPAD = NO;
				SWIFT_COMPILATION_MODE = wholemodule;
				SWIFT_OPTIMIZATION_LEVEL = "-O";
				TARGETED_DEVICE_FAMILY = "1,2";
				TEST_HOST = "$(BUILT_PRODUCTS_DIR)/ExitCodeClubCIAutomationApp.app/$(BUNDLE_EXECUTABLE_FOLDER_PATH)/ExitCodeClubCIAutomationApp";
				TEST_TARGET_NAME = ExitCodeClubCIAutomationApp;
			};
			name = Release;
		};
		BA9F4089D1B5D41B4E70BAE4 /* Debug */ = {
			isa = XCBuildConfiguration;
			buildSettings = {
				BUNDLE_LOADER = "$(TEST_HOST)";
				CODE_SIGN_IDENTITY = "iPhone Developer";
				INFOPLIST_FILE = "Derived/InfoPlists/ExitCodeClubCIAutomationAppTests-Info.plist";
				IPHONEOS_DEPLOYMENT_TARGET = 17.0;
				LD_RUNPATH_SEARCH_PATHS = (
					"$(inherited)",
					"@executable_path/Frameworks",
					"@loader_path/Frameworks",
				);
				PRODUCT_BUNDLE_IDENTIFIER = com.exitcodeclub.ci.automation.app.tests;
				PRODUCT_NAME = ExitCodeClubCIAutomationAppTests;
				SDKROOT = iphoneos;
				SUPPORTS_MACCATALYST = NO;
				SUPPORTS_MAC_DESIGNED_FOR_IPHONE_IPAD = YES;
				SUPPORTS_XR_DESIGNED_FOR_IPHONE_IPAD = NO;
				SWIFT_ACTIVE_COMPILATION_CONDITIONS = (
					"$(inherited)",
					DEBUG,
				);
				SWIFT_COMPILATION_MODE = singlefile;
				SWIFT_OPTIMIZATION_LEVEL = "-Onone";
				TARGETED_DEVICE_FAMILY = "1,2";
				TEST_HOST = "$(BUILT_PRODUCTS_DIR)/ExitCodeClubCIAutomationApp.app/$(BUNDLE_EXECUTABLE_FOLDER_PATH)/ExitCodeClubCIAutomationApp";
				TEST_TARGET_NAME = ExitCodeClubCIAutomationApp;
			};
			name = Debug;
		};
		C868A1D92B7011687F3C8346 /* Debug */ = {
			isa = XCBuildConfiguration;
			buildSettings = {
				CODE_SIGN_IDENTITY = "iPhone Developer";
				INFOPLIST_FILE = "Derived/InfoPlists/ExitCodeClubCIAutomationAppUITests-Info.plist";
				IPHONEOS_DEPLOYMENT_TARGET = 17.0;
				LD_RUNPATH_SEARCH_PATHS = (
					"$(inherited)",
					"@executable_path/Frameworks",
					"@loader_path/Frameworks",
				);
				PRODUCT_BUNDLE_IDENTIFIER = com.exitcodeclub.ci.automation.app.uitests;
				PRODUCT_NAME = ExitCodeClubCIAutomationAppUITests;
				SDKROOT = iphoneos;
				SUPPORTS_MACCATALYST = NO;
				SUPPORTS_MAC_DESIGNED_FOR_IPHONE_IPAD = YES;
				SUPPORTS_XR_DESIGNED_FOR_IPHONE_IPAD = NO;
				SWIFT_ACTIVE_COMPILATION_CONDITIONS = (
					"$(inherited)",
					DEBUG,
				);
				SWIFT_COMPILATION_MODE = singlefile;
				SWIFT_OPTIMIZATION_LEVEL = "-Onone";
				TARGETED_DEVICE_FAMILY = "1,2";
				TEST_TARGET_NAME = ExitCodeClubCIAutomationApp;
			};
			name = Debug;
		};
/* End XCBuildConfiguration section */

/* Begin XCConfigurationList section */
		7DFCC919226813AF76301592 /* Build configuration list for PBXNativeTarget "ExitCodeClubCIAutomationApp" */ = {
			isa = XCConfigurationList;
			buildConfigurations = (
				2638404F78614F93E113E68A /* Debug */,
				9B4FC6EE8678049F03F6B903 /* Release */,
			);
			defaultConfigurationIsVisible = 0;
			defaultConfigurationName = Release;
		};
		B04689D3FB917C99AD775D54 /* Build configuration list for PBXNativeTarget "ExitCodeClubCIAutomationAppUITests" */ = {
			isa = XCConfigurationList;
			buildConfigurations = (
				C868A1D92B7011687F3C8346 /* Debug */,
				7D2C3D69AD825794A0045300 /* Release */,
			);
			defaultConfigurationIsVisible = 0;
			defaultConfigurationName = Release;
		};
		C35C2D633245F900FEEE12DA /* Build configuration list for PBXProject "ExitCodeClubCIAutomationApp" */ = {
			isa = XCConfigurationList;
			buildConfigurations = (
				0FF96A594DC3BE9F7B08C5BA /* Debug */,
				36872826DC093B86A7CD5F18 /* Release */,
			);
			defaultConfigurationIsVisible = 0;
			defaultConfigurationName = Release;
		};
		CA3D41F9B69D9318E525D4BC /* Build configuration list for PBXNativeTarget "ExitCodeClubCIAutomationAppTests" */ = {
			isa = XCConfigurationList;
			buildConfigurations = (
				BA9F4089D1B5D41B4E70BAE4 /* Debug */,
				B1516CB7AE7045F90422992D /* Release */,
			);
			defaultConfigurationIsVisible = 0;
			defaultConfigurationName = Release;
		};
		E9377196991F5F85AAFFAA8A /* Build configuration list for PBXNativeTarget "CrashGeneratorsObjC" */ = {
			isa = XCConfigurationList;
			buildConfigurations = (
				47993BFBF6F276CF63753ABC /* Debug */,
				20F931D72B2C074237BD27BB /* Release */,
			);
			defaultConfigurationIsVisible = 0;
			defaultConfigurationName = Release;
		};
/* End XCConfigurationList section */

/* Begin XCRemoteSwiftPackageReference section */
		5899893DA7FC3291CB4190CA /* XCRemoteSwiftPackageReference "KSCrash" */ = {
			isa = XCRemoteSwiftPackageReference;
			repositoryURL = "https://github.com/kstenerud/KSCrash.git";
			requirement = {
				branch = "ac-working";
				kind = branch;
			};
		};
/* End XCRemoteSwiftPackageReference section */

/* Begin XCSwiftPackageProductDependency section */
		25F871B51C07BA0975748449 /* DemangleFilter */ = {
			isa = XCSwiftPackageProductDependency;
			productName = DemangleFilter;
		};
		32CF79F42A1EE96389AEFD83 /* Installations */ = {
			isa = XCSwiftPackageProductDependency;
			productName = Installations;
		};
		4D2EBE635F79937EF8A82F76 /* Filters */ = {
			isa = XCSwiftPackageProductDependency;
			productName = Filters;
		};
		C418CB6B53B94B76C24E3A86 /* Recording */ = {
			isa = XCSwiftPackageProductDependency;
			productName = Recording;
		};
/* End XCSwiftPackageProductDependency section */
	};
	rootObject = 1CB0F0C594CFE0D2A06201A9 /* Project object */;
}
